
Microsoft Visual Studio Solution File, Format Version 12.00
# Visual Studio 2012
Project("{FAE04EC0-301F-11D3-BF4B-00C04F79EFBC}") = "HelloTizen", "HelloTizen\HelloTizen.csproj", "{5F2BF3A2-D660-4661-A487-A229E7245161}"
EndProject
Global
	GlobalSection(SolutionConfigurationPlatforms) = preSolution
		Debug|x86 = Debug|x86
		Release|x86 = Release|x86
	EndGlobalSection
	GlobalSection(ProjectConfigurationPlatforms) = postSolution
		{5F2BF3A2-D660-4661-A487-A229E7245161}.Debug|x86.ActiveCfg = Debug|x86
		{5F2BF3A2-D660-4661-A487-A229E7245161}.Debug|x86.Build.0 = Debug|x86
		{5F2BF3A2-D660-4661-A487-A229E7245161}.Release|x86.ActiveCfg = Release|x86
		{5F2BF3A2-D660-4661-A487-A229E7245161}.Release|x86.Build.0 = Release|x86
	EndGlobalSection
	GlobalSection(MonoDevelopProperties) = preSolution
		StartupItem = HelloTizen\HelloTizen.csproj
	EndGlobalSection
EndGlobal
