
Microsoft Visual Studio Solution File, Format Version 11.00
# Visual Studio 2010
Project("{FAE04EC0-301F-11D3-BF4B-00C04F79EFBC}") = "HelloTizen", "HelloTizen\HelloTizen.csproj", "{A42FA1F1-D00A-45D4-A7D6-B063F4ACF861}"
EndProject
Project("{FAE04EC0-301F-11D3-BF4B-00C04F79EFBC}") = "Tizen", "Tizen\Tizen.csproj", "{9EDF0E89-8D2A-4213-80A1-AD04E3285A42}"
EndProject
Global
	GlobalSection(SolutionConfigurationPlatforms) = preSolution
		Debug|Tizen = Debug|Tizen
		Release|Tizen = Release|Tizen
	EndGlobalSection
	GlobalSection(ProjectConfigurationPlatforms) = postSolution
		{9EDF0E89-8D2A-4213-80A1-AD04E3285A42}.Debug|Tizen.ActiveCfg = Debug|Any CPU
		{9EDF0E89-8D2A-4213-80A1-AD04E3285A42}.Debug|Tizen.Build.0 = Debug|Any CPU
		{9EDF0E89-8D2A-4213-80A1-AD04E3285A42}.Release|Tizen.ActiveCfg = Release|Any CPU
		{9EDF0E89-8D2A-4213-80A1-AD04E3285A42}.Release|Tizen.Build.0 = Release|Any CPU
		{A42FA1F1-D00A-45D4-A7D6-B063F4ACF861}.Debug|Tizen.ActiveCfg = Debug|Tizen
		{A42FA1F1-D00A-45D4-A7D6-B063F4ACF861}.Debug|Tizen.Build.0 = Debug|Tizen
		{A42FA1F1-D00A-45D4-A7D6-B063F4ACF861}.Release|Tizen.ActiveCfg = Release|Tizen
		{A42FA1F1-D00A-45D4-A7D6-B063F4ACF861}.Release|Tizen.Build.0 = Release|Tizen
	EndGlobalSection
	GlobalSection(MonoDevelopProperties) = preSolution
		StartupItem = HelloTizen\HelloTizen.csproj
	EndGlobalSection
EndGlobal
