
Microsoft Visual Studio Solution File, Format Version 12.00
# Visual Studio 2012
Project("{FAE04EC0-301F-11D3-BF4B-00C04F79EFBC}") = "HelloTizen", "HelloMonoTizenOSP\HelloMonoTizenOSP.csproj", "{A42FA1F1-D00A-45D4-A7D6-B063F4ACF861}"
EndProject
Project("{FAE04EC0-301F-11D3-BF4B-00C04F79EFBC}") = "TizenSDK", "TizenSDK\TizenSDK.csproj", "{9EDF0E89-8D2A-4213-80A1-AD04E3285A42}"
EndProject
Global
	GlobalSection(SolutionConfigurationPlatforms) = preSolution
		Debug|Tizen_i386 = Debug|Tizen_i386
		Debug|Tizen_armel = Debug|Tizen_armel
		Release|Tizen_i386 = Release|Tizen_i386
		Release|Tizen_armel = Release|Tizen_armel
	EndGlobalSection
	GlobalSection(ProjectConfigurationPlatforms) = postSolution
		{A42FA1F1-D00A-45D4-A7D6-B063F4ACF861}.Debug|Tizen_armel.ActiveCfg = Debug|Tizen_armel
		{A42FA1F1-D00A-45D4-A7D6-B063F4ACF861}.Debug|Tizen_armel.Build.0 = Debug|Tizen_armel
		{A42FA1F1-D00A-45D4-A7D6-B063F4ACF861}.Debug|Tizen_i386.ActiveCfg = Debug|Tizen_i386
		{A42FA1F1-D00A-45D4-A7D6-B063F4ACF861}.Debug|Tizen_i386.Build.0 = Debug|Tizen_i386
		{A42FA1F1-D00A-45D4-A7D6-B063F4ACF861}.Release|Tizen_armel.ActiveCfg = Release|Tizen_armel
		{A42FA1F1-D00A-45D4-A7D6-B063F4ACF861}.Release|Tizen_armel.Build.0 = Release|Tizen_armel
		{A42FA1F1-D00A-45D4-A7D6-B063F4ACF861}.Release|Tizen_i386.ActiveCfg = Release|Tizen_i386
		{A42FA1F1-D00A-45D4-A7D6-B063F4ACF861}.Release|Tizen_i386.Build.0 = Release|Tizen_i386
		{9EDF0E89-8D2A-4213-80A1-AD04E3285A42}.Debug|Tizen_armel.ActiveCfg = Debug|Tizen_armel
		{9EDF0E89-8D2A-4213-80A1-AD04E3285A42}.Debug|Tizen_armel.Build.0 = Debug|Tizen_armel
		{9EDF0E89-8D2A-4213-80A1-AD04E3285A42}.Debug|Tizen_i386.ActiveCfg = Debug|Tizen_i386
		{9EDF0E89-8D2A-4213-80A1-AD04E3285A42}.Debug|Tizen_i386.Build.0 = Debug|Tizen_i386
		{9EDF0E89-8D2A-4213-80A1-AD04E3285A42}.Release|Tizen_armel.ActiveCfg = Release|Tizen_armel
		{9EDF0E89-8D2A-4213-80A1-AD04E3285A42}.Release|Tizen_armel.Build.0 = Release|Tizen_armel
		{9EDF0E89-8D2A-4213-80A1-AD04E3285A42}.Release|Tizen_i386.ActiveCfg = Release|Tizen_i386
		{9EDF0E89-8D2A-4213-80A1-AD04E3285A42}.Release|Tizen_i386.Build.0 = Release|Tizen_i386
	EndGlobalSection
	GlobalSection(SolutionProperties) = preSolution
		HideSolutionNode = FALSE
	EndGlobalSection
	GlobalSection(MonoDevelopProperties) = preSolution
		StartupItem = HelloMonoTizenOSP\HelloMonoTizenOSP.csproj
	EndGlobalSection
EndGlobal
